// !$*UTF8*$!
{
	archiveVersion = 1;
	classes = {
	};
	objectVersion = 46;
	objects = {

/* Begin PBXBuildFile section */
		9C7DC75F1D16A85A00FB81D8 /* PostDetailVC.swift in Sources */ = {isa = PBXBuildFile; fileRef = 9C7DC75E1D16A85A00FB81D8 /* PostDetailVC.swift */; };
		9C8F041E1E03471B004EF6BB /* GoogleService-Info.plist in Resources */ = {isa = PBXBuildFile; fileRef = 9C8F041D1E03471B004EF6BB /* GoogleService-Info.plist */; };
		9C9737411CF33B4000DAC6EB /* AppDelegate.swift in Sources */ = {isa = PBXBuildFile; fileRef = 9C9737401CF33B4000DAC6EB /* AppDelegate.swift */; };
		9C9737431CF33B4000DAC6EB /* ViewController.swift in Sources */ = {isa = PBXBuildFile; fileRef = 9C9737421CF33B4000DAC6EB /* ViewController.swift */; };
		9C9737461CF33B4000DAC6EB /* Main.storyboard in Resources */ = {isa = PBXBuildFile; fileRef = 9C9737441CF33B4000DAC6EB /* Main.storyboard */; };
		9C9737481CF33B4000DAC6EB /* Assets.xcassets in Resources */ = {isa = PBXBuildFile; fileRef = 9C9737471CF33B4000DAC6EB /* Assets.xcassets */; };
		9C97374B1CF33B4000DAC6EB /* LaunchScreen.storyboard in Resources */ = {isa = PBXBuildFile; fileRef = 9C9737491CF33B4000DAC6EB /* LaunchScreen.storyboard */; };
		9C97375B1CF3408C00DAC6EB /* FeedCell.swift in Sources */ = {isa = PBXBuildFile; fileRef = 9C9737571CF3408C00DAC6EB /* FeedCell.swift */; };
		9C97375C1CF3408C00DAC6EB /* GetData.swift in Sources */ = {isa = PBXBuildFile; fileRef = 9C9737581CF3408C00DAC6EB /* GetData.swift */; };
		9C97375D1CF3408C00DAC6EB /* Post.swift in Sources */ = {isa = PBXBuildFile; fileRef = 9C9737591CF3408C00DAC6EB /* Post.swift */; };
		9C9737611CF340C200DAC6EB /* FeedViewController.swift in Sources */ = {isa = PBXBuildFile; fileRef = 9C9737601CF340C200DAC6EB /* FeedViewController.swift */; };
		9C9737661CF3443600DAC6EB /* crash_n_burn.png in Resources */ = {isa = PBXBuildFile; fileRef = 9C9737651CF3443600DAC6EB /* crash_n_burn.png */; };
/* End PBXBuildFile section */

/* Begin PBXFileReference section */
		9C7DC75E1D16A85A00FB81D8 /* PostDetailVC.swift */ = {isa = PBXFileReference; fileEncoding = 4; lastKnownFileType = sourcecode.swift; path = PostDetailVC.swift; sourceTree = "<group>"; };
		9C8F041D1E03471B004EF6BB /* GoogleService-Info.plist */ = {isa = PBXFileReference; fileEncoding = 4; lastKnownFileType = text.plist.xml; path = "GoogleService-Info.plist"; sourceTree = "<group>"; };
		9C97373D1CF33B4000DAC6EB /* Dataflödet.app */ = {isa = PBXFileReference; explicitFileType = wrapper.application; includeInIndex = 0; path = "Dataflödet.app"; sourceTree = BUILT_PRODUCTS_DIR; };
		9C9737401CF33B4000DAC6EB /* AppDelegate.swift */ = {isa = PBXFileReference; lastKnownFileType = sourcecode.swift; path = AppDelegate.swift; sourceTree = "<group>"; };
		9C9737421CF33B4000DAC6EB /* ViewController.swift */ = {isa = PBXFileReference; lastKnownFileType = sourcecode.swift; path = ViewController.swift; sourceTree = "<group>"; };
		9C9737451CF33B4000DAC6EB /* Base */ = {isa = PBXFileReference; lastKnownFileType = file.storyboard; name = Base; path = Base.lproj/Main.storyboard; sourceTree = "<group>"; };
		9C9737471CF33B4000DAC6EB /* Assets.xcassets */ = {isa = PBXFileReference; lastKnownFileType = folder.assetcatalog; path = Assets.xcassets; sourceTree = "<group>"; };
		9C97374A1CF33B4000DAC6EB /* Base */ = {isa = PBXFileReference; lastKnownFileType = file.storyboard; name = Base; path = Base.lproj/LaunchScreen.storyboard; sourceTree = "<group>"; };
		9C97374C1CF33B4000DAC6EB /* Info.plist */ = {isa = PBXFileReference; lastKnownFileType = text.plist.xml; path = Info.plist; sourceTree = "<group>"; };
		9C9737571CF3408C00DAC6EB /* FeedCell.swift */ = {isa = PBXFileReference; fileEncoding = 4; lastKnownFileType = sourcecode.swift; path = FeedCell.swift; sourceTree = "<group>"; };
		9C9737581CF3408C00DAC6EB /* GetData.swift */ = {isa = PBXFileReference; fileEncoding = 4; lastKnownFileType = sourcecode.swift; path = GetData.swift; sourceTree = "<group>"; };
		9C9737591CF3408C00DAC6EB /* Post.swift */ = {isa = PBXFileReference; fileEncoding = 4; lastKnownFileType = sourcecode.swift; path = Post.swift; sourceTree = "<group>"; };
		9C9737601CF340C200DAC6EB /* FeedViewController.swift */ = {isa = PBXFileReference; fileEncoding = 4; lastKnownFileType = sourcecode.swift; path = FeedViewController.swift; sourceTree = "<group>"; };
		9C9737651CF3443600DAC6EB /* crash_n_burn.png */ = {isa = PBXFileReference; lastKnownFileType = image.png; name = crash_n_burn.png; path = Images/crash_n_burn.png; sourceTree = "<group>"; };
/* End PBXFileReference section */

/* Begin PBXFrameworksBuildPhase section */
		9C97373A1CF33B4000DAC6EB /* Frameworks */ = {
			isa = PBXFrameworksBuildPhase;
			buildActionMask = 2147483647;
			files = (
			);
			runOnlyForDeploymentPostprocessing = 0;
		};
/* End PBXFrameworksBuildPhase section */

/* Begin PBXGroup section */
		9C9737341CF33B4000DAC6EB = {
			isa = PBXGroup;
			children = (
				9C97373F1CF33B4000DAC6EB /* Greip */,
				9C97373E1CF33B4000DAC6EB /* Products */,
			);
			sourceTree = "<group>";
			usesTabs = 1;
		};
		9C97373E1CF33B4000DAC6EB /* Products */ = {
			isa = PBXGroup;
			children = (
				9C97373D1CF33B4000DAC6EB /* Dataflödet.app */,
			);
			name = Products;
			sourceTree = "<group>";
		};
		9C97373F1CF33B4000DAC6EB /* Greip */ = {
			isa = PBXGroup;
			children = (
				9C8F041D1E03471B004EF6BB /* GoogleService-Info.plist */,
				9C9737401CF33B4000DAC6EB /* AppDelegate.swift */,
				9C9737421CF33B4000DAC6EB /* ViewController.swift */,
				9C9737571CF3408C00DAC6EB /* FeedCell.swift */,
				9C9737601CF340C200DAC6EB /* FeedViewController.swift */,
				9C7DC75E1D16A85A00FB81D8 /* PostDetailVC.swift */,
				9C9737581CF3408C00DAC6EB /* GetData.swift */,
				9C9737591CF3408C00DAC6EB /* Post.swift */,
				9C9737441CF33B4000DAC6EB /* Main.storyboard */,
				9C9737491CF33B4000DAC6EB /* LaunchScreen.storyboard */,
				9C9737681CF3448C00DAC6EB /* Supporting files */,
				9C9737551CF3404E00DAC6EB /* Images */,
			);
			path = Greip;
			sourceTree = "<group>";
		};
		9C9737551CF3404E00DAC6EB /* Images */ = {
			isa = PBXGroup;
			children = (
				9C9737651CF3443600DAC6EB /* crash_n_burn.png */,
			);
			name = Images;
			sourceTree = "<group>";
		};
		9C9737681CF3448C00DAC6EB /* Supporting files */ = {
			isa = PBXGroup;
			children = (
				9C9737471CF33B4000DAC6EB /* Assets.xcassets */,
				9C97374C1CF33B4000DAC6EB /* Info.plist */,
			);
			name = "Supporting files";
			sourceTree = "<group>";
		};
/* End PBXGroup section */

/* Begin PBXNativeTarget section */
		9C97373C1CF33B4000DAC6EB /* Greip */ = {
			isa = PBXNativeTarget;
			buildConfigurationList = 9C97374F1CF33B4000DAC6EB /* Build configuration list for PBXNativeTarget "Greip" */;
			buildPhases = (
				9C9737391CF33B4000DAC6EB /* Sources */,
				9C97373A1CF33B4000DAC6EB /* Frameworks */,
				9C97373B1CF33B4000DAC6EB /* Resources */,
			);
			buildRules = (
			);
			dependencies = (
			);
			name = Greip;
			productName = Greip;
			productReference = 9C97373D1CF33B4000DAC6EB /* Dataflödet.app */;
			productType = "com.apple.product-type.application";
		};
/* End PBXNativeTarget section */

/* Begin PBXProject section */
		9C9737351CF33B4000DAC6EB /* Project object */ = {
			isa = PBXProject;
			attributes = {
				LastSwiftUpdateCheck = 0730;
				LastUpgradeCheck = 0800;
				ORGANIZATIONNAME = "Emma Nimstad";
				TargetAttributes = {
					9C97373C1CF33B4000DAC6EB = {
						CreatedOnToolsVersion = 7.3.1;
						DevelopmentTeam = 6MU956CT6D;
						LastSwiftMigration = 0800;
					};
				};
			};
			buildConfigurationList = 9C9737381CF33B4000DAC6EB /* Build configuration list for PBXProject "Greip" */;
			compatibilityVersion = "Xcode 3.2";
			developmentRegion = English;
			hasScannedForEncodings = 0;
			knownRegions = (
				en,
				Base,
			);
			mainGroup = 9C9737341CF33B4000DAC6EB;
			productRefGroup = 9C97373E1CF33B4000DAC6EB /* Products */;
			projectDirPath = "";
			projectRoot = "";
			targets = (
				9C97373C1CF33B4000DAC6EB /* Greip */,
			);
		};
/* End PBXProject section */

/* Begin PBXResourcesBuildPhase section */
		9C97373B1CF33B4000DAC6EB /* Resources */ = {
			isa = PBXResourcesBuildPhase;
			buildActionMask = 2147483647;
			files = (
				9C97374B1CF33B4000DAC6EB /* LaunchScreen.storyboard in Resources */,
				9C9737481CF33B4000DAC6EB /* Assets.xcassets in Resources */,
				9C8F041E1E03471B004EF6BB /* GoogleService-Info.plist in Resources */,
				9C9737461CF33B4000DAC6EB /* Main.storyboard in Resources */,
				9C9737661CF3443600DAC6EB /* crash_n_burn.png in Resources */,
			);
			runOnlyForDeploymentPostprocessing = 0;
		};
/* End PBXResourcesBuildPhase section */

/* Begin PBXSourcesBuildPhase section */
		9C9737391CF33B4000DAC6EB /* Sources */ = {
			isa = PBXSourcesBuildPhase;
			buildActionMask = 2147483647;
			files = (
				9C9737431CF33B4000DAC6EB /* ViewController.swift in Sources */,
				9C9737411CF33B4000DAC6EB /* AppDelegate.swift in Sources */,
				9C97375C1CF3408C00DAC6EB /* GetData.swift in Sources */,
				9C97375B1CF3408C00DAC6EB /* FeedCell.swift in Sources */,
				9C7DC75F1D16A85A00FB81D8 /* PostDetailVC.swift in Sources */,
				9C97375D1CF3408C00DAC6EB /* Post.swift in Sources */,
				9C9737611CF340C200DAC6EB /* FeedViewController.swift in Sources */,
			);
			runOnlyForDeploymentPostprocessing = 0;
		};
/* End PBXSourcesBuildPhase section */

/* Begin PBXVariantGroup section */
		9C9737441CF33B4000DAC6EB /* Main.storyboard */ = {
			isa = PBXVariantGroup;
			children = (
				9C9737451CF33B4000DAC6EB /* Base */,
			);
			name = Main.storyboard;
			sourceTree = "<group>";
		};
		9C9737491CF33B4000DAC6EB /* LaunchScreen.storyboard */ = {
			isa = PBXVariantGroup;
			children = (
				9C97374A1CF33B4000DAC6EB /* Base */,
			);
			name = LaunchScreen.storyboard;
			sourceTree = "<group>";
		};
/* End PBXVariantGroup section */

/* Begin XCBuildConfiguration section */
		9C97374D1CF33B4000DAC6EB /* Debug */ = {
			isa = XCBuildConfiguration;
			buildSettings = {
				ALWAYS_SEARCH_USER_PATHS = NO;
				CLANG_ANALYZER_NONNULL = YES;
				CLANG_CXX_LANGUAGE_STANDARD = "gnu++0x";
				CLANG_CXX_LIBRARY = "libc++";
				CLANG_ENABLE_MODULES = YES;
				CLANG_ENABLE_OBJC_ARC = YES;
				CLANG_WARN_BOOL_CONVERSION = YES;
				CLANG_WARN_CONSTANT_CONVERSION = YES;
				CLANG_WARN_DIRECT_OBJC_ISA_USAGE = YES_ERROR;
				CLANG_WARN_EMPTY_BODY = YES;
				CLANG_WARN_ENUM_CONVERSION = YES;
				CLANG_WARN_INFINITE_RECURSION = YES;
				CLANG_WARN_INT_CONVERSION = YES;
				CLANG_WARN_OBJC_ROOT_CLASS = YES_ERROR;
				CLANG_WARN_SUSPICIOUS_MOVE = YES;
				CLANG_WARN_UNREACHABLE_CODE = YES;
				CLANG_WARN__DUPLICATE_METHOD_MATCH = YES;
				"CODE_SIGN_IDENTITY[sdk=iphoneos*]" = "iPhone Developer";
				COPY_PHASE_STRIP = NO;
				DEBUG_INFORMATION_FORMAT = dwarf;
				ENABLE_STRICT_OBJC_MSGSEND = YES;
				ENABLE_TESTABILITY = YES;
				GCC_C_LANGUAGE_STANDARD = gnu99;
				GCC_DYNAMIC_NO_PIC = NO;
				GCC_NO_COMMON_BLOCKS = YES;
				GCC_OPTIMIZATION_LEVEL = 0;
				GCC_PREPROCESSOR_DEFINITIONS = (
					"DEBUG=1",
					"$(inherited)",
				);
				GCC_WARN_64_TO_32_BIT_CONVERSION = YES;
				GCC_WARN_ABOUT_RETURN_TYPE = YES_ERROR;
				GCC_WARN_UNDECLARED_SELECTOR = YES;
				GCC_WARN_UNINITIALIZED_AUTOS = YES_AGGRESSIVE;
				GCC_WARN_UNUSED_FUNCTION = YES;
				GCC_WARN_UNUSED_VARIABLE = YES;
				IPHONEOS_DEPLOYMENT_TARGET = 9.3;
				MTL_ENABLE_DEBUG_INFO = YES;
				ONLY_ACTIVE_ARCH = YES;
				SDKROOT = iphoneos;
				SWIFT_OPTIMIZATION_LEVEL = "-Onone";
			};
			name = Debug;
		};
		9C97374E1CF33B4000DAC6EB /* Release */ = {
			isa = XCBuildConfiguration;
			buildSettings = {
				ALWAYS_SEARCH_USER_PATHS = NO;
				CLANG_ANALYZER_NONNULL = YES;
				CLANG_CXX_LANGUAGE_STANDARD = "gnu++0x";
				CLANG_CXX_LIBRARY = "libc++";
				CLANG_ENABLE_MODULES = YES;
				CLANG_ENABLE_OBJC_ARC = YES;
				CLANG_WARN_BOOL_CONVERSION = YES;
				CLANG_WARN_CONSTANT_CONVERSION = YES;
				CLANG_WARN_DIRECT_OBJC_ISA_USAGE = YES_ERROR;
				CLANG_WARN_EMPTY_BODY = YES;
				CLANG_WARN_ENUM_CONVERSION = YES;
				CLANG_WARN_INFINITE_RECURSION = YES;
				CLANG_WARN_INT_CONVERSION = YES;
				CLANG_WARN_OBJC_ROOT_CLASS = YES_ERROR;
				CLANG_WARN_SUSPICIOUS_MOVE = YES;
				CLANG_WARN_UNREACHABLE_CODE = YES;
				CLANG_WARN__DUPLICATE_METHOD_MATCH = YES;
				"CODE_SIGN_IDENTITY[sdk=iphoneos*]" = "iPhone Developer";
				COPY_PHASE_STRIP = NO;
				DEBUG_INFORMATION_FORMAT = "dwarf-with-dsym";
				ENABLE_NS_ASSERTIONS = NO;
				ENABLE_STRICT_OBJC_MSGSEND = YES;
				GCC_C_LANGUAGE_STANDARD = gnu99;
				GCC_NO_COMMON_BLOCKS = YES;
				GCC_WARN_64_TO_32_BIT_CONVERSION = YES;
				GCC_WARN_ABOUT_RETURN_TYPE = YES_ERROR;
				GCC_WARN_UNDECLARED_SELECTOR = YES;
				GCC_WARN_UNINITIALIZED_AUTOS = YES_AGGRESSIVE;
				GCC_WARN_UNUSED_FUNCTION = YES;
				GCC_WARN_UNUSED_VARIABLE = YES;
				IPHONEOS_DEPLOYMENT_TARGET = 9.3;
				MTL_ENABLE_DEBUG_INFO = NO;
				SDKROOT = iphoneos;
				SWIFT_OPTIMIZATION_LEVEL = "-Owholemodule";
				VALIDATE_PRODUCT = YES;
			};
			name = Release;
		};
		9C9737501CF33B4000DAC6EB /* Debug */ = {
			isa = XCBuildConfiguration;
			buildSettings = {
				ASSETCATALOG_COMPILER_APPICON_NAME = AppIcon;
				CODE_SIGN_IDENTITY = "iPhone Developer";
				INFOPLIST_FILE = Greip/Info.plist;
				LD_RUNPATH_SEARCH_PATHS = "$(inherited) @executable_path/Frameworks";
				PRODUCT_BUNDLE_IDENTIFIER = Nimstad.Greip;
				PRODUCT_NAME = "Dataflödet";
				SWIFT_VERSION = 3.0;
			};
			name = Debug;
		};
		9C9737511CF33B4000DAC6EB /* Release */ = {
			isa = XCBuildConfiguration;
			buildSettings = {
				ASSETCATALOG_COMPILER_APPICON_NAME = AppIcon;
				CODE_SIGN_IDENTITY = "iPhone Developer";
				INFOPLIST_FILE = Greip/Info.plist;
				LD_RUNPATH_SEARCH_PATHS = "$(inherited) @executable_path/Frameworks";
				PRODUCT_BUNDLE_IDENTIFIER = Nimstad.Greip;
				PRODUCT_NAME = "Dataflödet";
				SWIFT_VERSION = 3.0;
			};
			name = Release;
		};
/* End XCBuildConfiguration section */

/* Begin XCConfigurationList section */
		9C9737381CF33B4000DAC6EB /* Build configuration list for PBXProject "Greip" */ = {
			isa = XCConfigurationList;
			buildConfigurations = (
				9C97374D1CF33B4000DAC6EB /* Debug */,
				9C97374E1CF33B4000DAC6EB /* Release */,
			);
			defaultConfigurationIsVisible = 0;
			defaultConfigurationName = Release;
		};
		9C97374F1CF33B4000DAC6EB /* Build configuration list for PBXNativeTarget "Greip" */ = {
			isa = XCConfigurationList;
			buildConfigurations = (
				9C9737501CF33B4000DAC6EB /* Debug */,
				9C9737511CF33B4000DAC6EB /* Release */,
			);
			defaultConfigurationIsVisible = 0;
			defaultConfigurationName = Release;
		};
/* End XCConfigurationList section */
	};
	rootObject = 9C9737351CF33B4000DAC6EB /* Project object */;
}
