// !$*UTF8*$!
{
	archiveVersion = 1;
	classes = {
	};
	objectVersion = 46;
	objects = {

/* Begin PBXBuildFile section */
		9C36FEB31BC6D407001B3D28 /* GetData.m in Sources */ = {isa = PBXBuildFile; fileRef = 9C36FEB21BC6D407001B3D28 /* GetData.m */; };
		9CDF33921BB4595F00B46196 /* main.m in Sources */ = {isa = PBXBuildFile; fileRef = 9CDF33911BB4595F00B46196 /* main.m */; };
		9CDF33951BB4595F00B46196 /* AppDelegate.m in Sources */ = {isa = PBXBuildFile; fileRef = 9CDF33941BB4595F00B46196 /* AppDelegate.m */; };
		9CDF33981BB4595F00B46196 /* ViewController.m in Sources */ = {isa = PBXBuildFile; fileRef = 9CDF33971BB4595F00B46196 /* ViewController.m */; };
		9CDF339B1BB4595F00B46196 /* Main.storyboard in Resources */ = {isa = PBXBuildFile; fileRef = 9CDF33991BB4595F00B46196 /* Main.storyboard */; };
		9CDF339D1BB4595F00B46196 /* Assets.xcassets in Resources */ = {isa = PBXBuildFile; fileRef = 9CDF339C1BB4595F00B46196 /* Assets.xcassets */; };
		9CDF33A01BB4595F00B46196 /* LaunchScreen.storyboard in Resources */ = {isa = PBXBuildFile; fileRef = 9CDF339E1BB4595F00B46196 /* LaunchScreen.storyboard */; };
		9CDF33AB1BB4596000B46196 /* DTests.m in Sources */ = {isa = PBXBuildFile; fileRef = 9CDF33AA1BB4596000B46196 /* DTests.m */; };
		9CDF33B61BB4596000B46196 /* DUITests.m in Sources */ = {isa = PBXBuildFile; fileRef = 9CDF33B51BB4596000B46196 /* DUITests.m */; };
		9CDF33C61BB46D8C00B46196 /* FeedViewController.m in Sources */ = {isa = PBXBuildFile; fileRef = 9CDF33C51BB46D8C00B46196 /* FeedViewController.m */; };
		9CDF33C81BB46E7200B46196 /* FeedCell.m in Sources */ = {isa = PBXBuildFile; fileRef = 9CDF33C71BB46E7200B46196 /* FeedCell.m */; };
		9CDF33CD1BB47F4A00B46196 /* Feed.m in Sources */ = {isa = PBXBuildFile; fileRef = 9CDF33CC1BB47F4A00B46196 /* Feed.m */; };
		9CDF33D01BB47FD500B46196 /* Post.m in Sources */ = {isa = PBXBuildFile; fileRef = 9CDF33CF1BB47FD500B46196 /* Post.m */; };
/* End PBXBuildFile section */

/* Begin PBXContainerItemProxy section */
		9CDF33A71BB4596000B46196 /* PBXContainerItemProxy */ = {
			isa = PBXContainerItemProxy;
			containerPortal = 9CDF33851BB4595F00B46196 /* Project object */;
			proxyType = 1;
			remoteGlobalIDString = 9CDF338C1BB4595F00B46196;
			remoteInfo = D;
		};
		9CDF33B21BB4596000B46196 /* PBXContainerItemProxy */ = {
			isa = PBXContainerItemProxy;
			containerPortal = 9CDF33851BB4595F00B46196 /* Project object */;
			proxyType = 1;
			remoteGlobalIDString = 9CDF338C1BB4595F00B46196;
			remoteInfo = D;
		};
/* End PBXContainerItemProxy section */

/* Begin PBXFileReference section */
		9C36FEAF1BC6D3DE001B3D28 /* GetData.h */ = {isa = PBXFileReference; lastKnownFileType = sourcecode.c.h; path = GetData.h; sourceTree = "<group>"; };
		9C36FEB21BC6D407001B3D28 /* GetData.m */ = {isa = PBXFileReference; fileEncoding = 4; lastKnownFileType = sourcecode.c.objc; name = GetData.m; path = ../GetData.m; sourceTree = "<group>"; };
		9CDF338D1BB4595F00B46196 /* D.app */ = {isa = PBXFileReference; explicitFileType = wrapper.application; includeInIndex = 0; path = D.app; sourceTree = BUILT_PRODUCTS_DIR; };
		9CDF33911BB4595F00B46196 /* main.m */ = {isa = PBXFileReference; lastKnownFileType = sourcecode.c.objc; path = main.m; sourceTree = "<group>"; };
		9CDF33931BB4595F00B46196 /* AppDelegate.h */ = {isa = PBXFileReference; lastKnownFileType = sourcecode.c.h; path = AppDelegate.h; sourceTree = "<group>"; };
		9CDF33941BB4595F00B46196 /* AppDelegate.m */ = {isa = PBXFileReference; lastKnownFileType = sourcecode.c.objc; path = AppDelegate.m; sourceTree = "<group>"; };
		9CDF33961BB4595F00B46196 /* ViewController.h */ = {isa = PBXFileReference; lastKnownFileType = sourcecode.c.h; path = ViewController.h; sourceTree = "<group>"; };
		9CDF33971BB4595F00B46196 /* ViewController.m */ = {isa = PBXFileReference; lastKnownFileType = sourcecode.c.objc; path = ViewController.m; sourceTree = "<group>"; };
		9CDF339A1BB4595F00B46196 /* Base */ = {isa = PBXFileReference; lastKnownFileType = file.storyboard; name = Base; path = Base.lproj/Main.storyboard; sourceTree = "<group>"; };
		9CDF339C1BB4595F00B46196 /* Assets.xcassets */ = {isa = PBXFileReference; lastKnownFileType = folder.assetcatalog; path = Assets.xcassets; sourceTree = "<group>"; };
		9CDF339F1BB4595F00B46196 /* Base */ = {isa = PBXFileReference; lastKnownFileType = file.storyboard; name = Base; path = Base.lproj/LaunchScreen.storyboard; sourceTree = "<group>"; };
		9CDF33A11BB4595F00B46196 /* Info.plist */ = {isa = PBXFileReference; lastKnownFileType = text.plist.xml; path = Info.plist; sourceTree = "<group>"; };
		9CDF33A61BB4596000B46196 /* DTests.xctest */ = {isa = PBXFileReference; explicitFileType = wrapper.cfbundle; includeInIndex = 0; path = DTests.xctest; sourceTree = BUILT_PRODUCTS_DIR; };
		9CDF33AA1BB4596000B46196 /* DTests.m */ = {isa = PBXFileReference; lastKnownFileType = sourcecode.c.objc; path = DTests.m; sourceTree = "<group>"; };
		9CDF33AC1BB4596000B46196 /* Info.plist */ = {isa = PBXFileReference; lastKnownFileType = text.plist.xml; path = Info.plist; sourceTree = "<group>"; };
		9CDF33B11BB4596000B46196 /* DUITests.xctest */ = {isa = PBXFileReference; explicitFileType = wrapper.cfbundle; includeInIndex = 0; path = DUITests.xctest; sourceTree = BUILT_PRODUCTS_DIR; };
		9CDF33B51BB4596000B46196 /* DUITests.m */ = {isa = PBXFileReference; lastKnownFileType = sourcecode.c.objc; path = DUITests.m; sourceTree = "<group>"; };
		9CDF33B71BB4596000B46196 /* Info.plist */ = {isa = PBXFileReference; lastKnownFileType = text.plist.xml; path = Info.plist; sourceTree = "<group>"; };
		9CDF33C31BB46D5400B46196 /* FeedViewController.h */ = {isa = PBXFileReference; lastKnownFileType = sourcecode.c.h; path = FeedViewController.h; sourceTree = "<group>"; };
		9CDF33C51BB46D8C00B46196 /* FeedViewController.m */ = {isa = PBXFileReference; fileEncoding = 4; lastKnownFileType = sourcecode.c.objc; name = FeedViewController.m; path = ../FeedViewController.m; sourceTree = "<group>"; };
		9CDF33C71BB46E7200B46196 /* FeedCell.m */ = {isa = PBXFileReference; fileEncoding = 4; lastKnownFileType = sourcecode.c.objc; path = FeedCell.m; sourceTree = "<group>"; };
		9CDF33C91BB46E7B00B46196 /* FeedCell.h */ = {isa = PBXFileReference; lastKnownFileType = sourcecode.c.h; path = FeedCell.h; sourceTree = "<group>"; };
		9CDF33CB1BB47F4100B46196 /* Feed.h */ = {isa = PBXFileReference; lastKnownFileType = sourcecode.c.h; path = Feed.h; sourceTree = "<group>"; };
		9CDF33CC1BB47F4A00B46196 /* Feed.m */ = {isa = PBXFileReference; fileEncoding = 4; lastKnownFileType = sourcecode.c.objc; path = Feed.m; sourceTree = "<group>"; };
		9CDF33CE1BB47FCE00B46196 /* Post.h */ = {isa = PBXFileReference; lastKnownFileType = sourcecode.c.h; path = Post.h; sourceTree = "<group>"; };
		9CDF33CF1BB47FD500B46196 /* Post.m */ = {isa = PBXFileReference; fileEncoding = 4; lastKnownFileType = sourcecode.c.objc; path = Post.m; sourceTree = "<group>"; };
/* End PBXFileReference section */

/* Begin PBXFrameworksBuildPhase section */
		9CDF338A1BB4595F00B46196 /* Frameworks */ = {
			isa = PBXFrameworksBuildPhase;
			buildActionMask = 2147483647;
			files = (
			);
			runOnlyForDeploymentPostprocessing = 0;
		};
		9CDF33A31BB4596000B46196 /* Frameworks */ = {
			isa = PBXFrameworksBuildPhase;
			buildActionMask = 2147483647;
			files = (
			);
			runOnlyForDeploymentPostprocessing = 0;
		};
		9CDF33AE1BB4596000B46196 /* Frameworks */ = {
			isa = PBXFrameworksBuildPhase;
			buildActionMask = 2147483647;
			files = (
			);
			runOnlyForDeploymentPostprocessing = 0;
		};
/* End PBXFrameworksBuildPhase section */

/* Begin PBXGroup section */
		9C36FEB41BC6D526001B3D28 /* FeedView */ = {
			isa = PBXGroup;
			children = (
				9CDF33C31BB46D5400B46196 /* FeedViewController.h */,
				9CDF33C51BB46D8C00B46196 /* FeedViewController.m */,
				9CDF33C91BB46E7B00B46196 /* FeedCell.h */,
				9CDF33C71BB46E7200B46196 /* FeedCell.m */,
			);
			name = FeedView;
			sourceTree = "<group>";
		};
		9CDF33841BB4595F00B46196 = {
			isa = PBXGroup;
			children = (
				9CDF338F1BB4595F00B46196 /* D */,
				9CDF33A91BB4596000B46196 /* DTests */,
				9CDF33B41BB4596000B46196 /* DUITests */,
				9CDF338E1BB4595F00B46196 /* Products */,
			);
			sourceTree = "<group>";
		};
		9CDF338E1BB4595F00B46196 /* Products */ = {
			isa = PBXGroup;
			children = (
				9CDF338D1BB4595F00B46196 /* D.app */,
				9CDF33A61BB4596000B46196 /* DTests.xctest */,
				9CDF33B11BB4596000B46196 /* DUITests.xctest */,
			);
			name = Products;
			sourceTree = "<group>";
		};
		9CDF338F1BB4595F00B46196 /* D */ = {
			isa = PBXGroup;
			children = (
				9CDF33931BB4595F00B46196 /* AppDelegate.h */,
				9CDF33941BB4595F00B46196 /* AppDelegate.m */,
				9CDF33961BB4595F00B46196 /* ViewController.h */,
				9CDF33971BB4595F00B46196 /* ViewController.m */,
				9C36FEB41BC6D526001B3D28 /* FeedView */,
				9C36FEAF1BC6D3DE001B3D28 /* GetData.h */,
				9C36FEB21BC6D407001B3D28 /* GetData.m */,
				9CDF33CE1BB47FCE00B46196 /* Post.h */,
				9CDF33CF1BB47FD500B46196 /* Post.m */,
				9CDF33CB1BB47F4100B46196 /* Feed.h */,
				9CDF33CC1BB47F4A00B46196 /* Feed.m */,
				9CDF33991BB4595F00B46196 /* Main.storyboard */,
				9CDF339E1BB4595F00B46196 /* LaunchScreen.storyboard */,
				9CDF33901BB4595F00B46196 /* Supporting Files */,
			);
			path = D;
			sourceTree = "<group>";
		};
		9CDF33901BB4595F00B46196 /* Supporting Files */ = {
			isa = PBXGroup;
			children = (
				9CDF33A11BB4595F00B46196 /* Info.plist */,
				9CDF339C1BB4595F00B46196 /* Assets.xcassets */,
				9CDF33911BB4595F00B46196 /* main.m */,
			);
			name = "Supporting Files";
			sourceTree = "<group>";
		};
		9CDF33A91BB4596000B46196 /* DTests */ = {
			isa = PBXGroup;
			children = (
				9CDF33AA1BB4596000B46196 /* DTests.m */,
				9CDF33AC1BB4596000B46196 /* Info.plist */,
			);
			path = DTests;
			sourceTree = "<group>";
		};
		9CDF33B41BB4596000B46196 /* DUITests */ = {
			isa = PBXGroup;
			children = (
				9CDF33B51BB4596000B46196 /* DUITests.m */,
				9CDF33B71BB4596000B46196 /* Info.plist */,
			);
			path = DUITests;
			sourceTree = "<group>";
		};
/* End PBXGroup section */

/* Begin PBXNativeTarget section */
		9CDF338C1BB4595F00B46196 /* D */ = {
			isa = PBXNativeTarget;
			buildConfigurationList = 9CDF33BA1BB4596000B46196 /* Build configuration list for PBXNativeTarget "D" */;
			buildPhases = (
				9CDF33891BB4595F00B46196 /* Sources */,
				9CDF338A1BB4595F00B46196 /* Frameworks */,
				9CDF338B1BB4595F00B46196 /* Resources */,
			);
			buildRules = (
			);
			dependencies = (
			);
			name = D;
			productName = D;
			productReference = 9CDF338D1BB4595F00B46196 /* D.app */;
			productType = "com.apple.product-type.application";
		};
		9CDF33A51BB4596000B46196 /* DTests */ = {
			isa = PBXNativeTarget;
			buildConfigurationList = 9CDF33BD1BB4596000B46196 /* Build configuration list for PBXNativeTarget "DTests" */;
			buildPhases = (
				9CDF33A21BB4596000B46196 /* Sources */,
				9CDF33A31BB4596000B46196 /* Frameworks */,
				9CDF33A41BB4596000B46196 /* Resources */,
			);
			buildRules = (
			);
			dependencies = (
				9CDF33A81BB4596000B46196 /* PBXTargetDependency */,
			);
			name = DTests;
			productName = DTests;
			productReference = 9CDF33A61BB4596000B46196 /* DTests.xctest */;
			productType = "com.apple.product-type.bundle.unit-test";
		};
		9CDF33B01BB4596000B46196 /* DUITests */ = {
			isa = PBXNativeTarget;
			buildConfigurationList = 9CDF33C01BB4596000B46196 /* Build configuration list for PBXNativeTarget "DUITests" */;
			buildPhases = (
				9CDF33AD1BB4596000B46196 /* Sources */,
				9CDF33AE1BB4596000B46196 /* Frameworks */,
				9CDF33AF1BB4596000B46196 /* Resources */,
			);
			buildRules = (
			);
			dependencies = (
				9CDF33B31BB4596000B46196 /* PBXTargetDependency */,
			);
			name = DUITests;
			productName = DUITests;
			productReference = 9CDF33B11BB4596000B46196 /* DUITests.xctest */;
			productType = "com.apple.product-type.bundle.ui-testing";
		};
/* End PBXNativeTarget section */

/* Begin PBXProject section */
		9CDF33851BB4595F00B46196 /* Project object */ = {
			isa = PBXProject;
			attributes = {
				LastUpgradeCheck = 0700;
				ORGANIZATIONNAME = "Emma Nimstad";
				TargetAttributes = {
					9CDF338C1BB4595F00B46196 = {
						CreatedOnToolsVersion = 7.0;
					};
					9CDF33A51BB4596000B46196 = {
						CreatedOnToolsVersion = 7.0;
						TestTargetID = 9CDF338C1BB4595F00B46196;
					};
					9CDF33B01BB4596000B46196 = {
						CreatedOnToolsVersion = 7.0;
						TestTargetID = 9CDF338C1BB4595F00B46196;
					};
				};
			};
			buildConfigurationList = 9CDF33881BB4595F00B46196 /* Build configuration list for PBXProject "D" */;
			compatibilityVersion = "Xcode 3.2";
			developmentRegion = English;
			hasScannedForEncodings = 0;
			knownRegions = (
				en,
				Base,
			);
			mainGroup = 9CDF33841BB4595F00B46196;
			productRefGroup = 9CDF338E1BB4595F00B46196 /* Products */;
			projectDirPath = "";
			projectRoot = "";
			targets = (
				9CDF338C1BB4595F00B46196 /* D */,
				9CDF33A51BB4596000B46196 /* DTests */,
				9CDF33B01BB4596000B46196 /* DUITests */,
			);
		};
/* End PBXProject section */

/* Begin PBXResourcesBuildPhase section */
		9CDF338B1BB4595F00B46196 /* Resources */ = {
			isa = PBXResourcesBuildPhase;
			buildActionMask = 2147483647;
			files = (
				9CDF33A01BB4595F00B46196 /* LaunchScreen.storyboard in Resources */,
				9CDF339D1BB4595F00B46196 /* Assets.xcassets in Resources */,
				9CDF339B1BB4595F00B46196 /* Main.storyboard in Resources */,
			);
			runOnlyForDeploymentPostprocessing = 0;
		};
		9CDF33A41BB4596000B46196 /* Resources */ = {
			isa = PBXResourcesBuildPhase;
			buildActionMask = 2147483647;
			files = (
			);
			runOnlyForDeploymentPostprocessing = 0;
		};
		9CDF33AF1BB4596000B46196 /* Resources */ = {
			isa = PBXResourcesBuildPhase;
			buildActionMask = 2147483647;
			files = (
			);
			runOnlyForDeploymentPostprocessing = 0;
		};
/* End PBXResourcesBuildPhase section */

/* Begin PBXSourcesBuildPhase section */
		9CDF33891BB4595F00B46196 /* Sources */ = {
			isa = PBXSourcesBuildPhase;
			buildActionMask = 2147483647;
			files = (
				9CDF33981BB4595F00B46196 /* ViewController.m in Sources */,
				9CDF33C81BB46E7200B46196 /* FeedCell.m in Sources */,
				9CDF33951BB4595F00B46196 /* AppDelegate.m in Sources */,
				9CDF33CD1BB47F4A00B46196 /* Feed.m in Sources */,
				9CDF33921BB4595F00B46196 /* main.m in Sources */,
				9CDF33C61BB46D8C00B46196 /* FeedViewController.m in Sources */,
				9C36FEB31BC6D407001B3D28 /* GetData.m in Sources */,
				9CDF33D01BB47FD500B46196 /* Post.m in Sources */,
			);
			runOnlyForDeploymentPostprocessing = 0;
		};
		9CDF33A21BB4596000B46196 /* Sources */ = {
			isa = PBXSourcesBuildPhase;
			buildActionMask = 2147483647;
			files = (
				9CDF33AB1BB4596000B46196 /* DTests.m in Sources */,
			);
			runOnlyForDeploymentPostprocessing = 0;
		};
		9CDF33AD1BB4596000B46196 /* Sources */ = {
			isa = PBXSourcesBuildPhase;
			buildActionMask = 2147483647;
			files = (
				9CDF33B61BB4596000B46196 /* DUITests.m in Sources */,
			);
			runOnlyForDeploymentPostprocessing = 0;
		};
/* End PBXSourcesBuildPhase section */

/* Begin PBXTargetDependency section */
		9CDF33A81BB4596000B46196 /* PBXTargetDependency */ = {
			isa = PBXTargetDependency;
			target = 9CDF338C1BB4595F00B46196 /* D */;
			targetProxy = 9CDF33A71BB4596000B46196 /* PBXContainerItemProxy */;
		};
		9CDF33B31BB4596000B46196 /* PBXTargetDependency */ = {
			isa = PBXTargetDependency;
			target = 9CDF338C1BB4595F00B46196 /* D */;
			targetProxy = 9CDF33B21BB4596000B46196 /* PBXContainerItemProxy */;
		};
/* End PBXTargetDependency section */

/* Begin PBXVariantGroup section */
		9CDF33991BB4595F00B46196 /* Main.storyboard */ = {
			isa = PBXVariantGroup;
			children = (
				9CDF339A1BB4595F00B46196 /* Base */,
			);
			name = Main.storyboard;
			sourceTree = "<group>";
		};
		9CDF339E1BB4595F00B46196 /* LaunchScreen.storyboard */ = {
			isa = PBXVariantGroup;
			children = (
				9CDF339F1BB4595F00B46196 /* Base */,
			);
			name = LaunchScreen.storyboard;
			sourceTree = "<group>";
		};
/* End PBXVariantGroup section */

/* Begin XCBuildConfiguration section */
		9CDF33B81BB4596000B46196 /* Debug */ = {
			isa = XCBuildConfiguration;
			buildSettings = {
				ALWAYS_SEARCH_USER_PATHS = NO;
				CLANG_CXX_LANGUAGE_STANDARD = "gnu++0x";
				CLANG_CXX_LIBRARY = "libc++";
				CLANG_ENABLE_MODULES = YES;
				CLANG_ENABLE_OBJC_ARC = YES;
				CLANG_WARN_BOOL_CONVERSION = YES;
				CLANG_WARN_CONSTANT_CONVERSION = YES;
				CLANG_WARN_DIRECT_OBJC_ISA_USAGE = YES_ERROR;
				CLANG_WARN_EMPTY_BODY = YES;
				CLANG_WARN_ENUM_CONVERSION = YES;
				CLANG_WARN_INT_CONVERSION = YES;
				CLANG_WARN_OBJC_ROOT_CLASS = YES_ERROR;
				CLANG_WARN_UNREACHABLE_CODE = YES;
				CLANG_WARN__DUPLICATE_METHOD_MATCH = YES;
				"CODE_SIGN_IDENTITY[sdk=iphoneos*]" = "iPhone Developer";
				COPY_PHASE_STRIP = NO;
				DEBUG_INFORMATION_FORMAT = dwarf;
				ENABLE_STRICT_OBJC_MSGSEND = YES;
				ENABLE_TESTABILITY = YES;
				GCC_C_LANGUAGE_STANDARD = gnu99;
				GCC_DYNAMIC_NO_PIC = NO;
				GCC_NO_COMMON_BLOCKS = YES;
				GCC_OPTIMIZATION_LEVEL = 0;
				GCC_PREPROCESSOR_DEFINITIONS = (
					"DEBUG=1",
					"$(inherited)",
				);
				GCC_WARN_64_TO_32_BIT_CONVERSION = YES;
				GCC_WARN_ABOUT_RETURN_TYPE = YES_ERROR;
				GCC_WARN_UNDECLARED_SELECTOR = YES;
				GCC_WARN_UNINITIALIZED_AUTOS = YES_AGGRESSIVE;
				GCC_WARN_UNUSED_FUNCTION = YES;
				GCC_WARN_UNUSED_VARIABLE = YES;
				IPHONEOS_DEPLOYMENT_TARGET = 9.0;
				MTL_ENABLE_DEBUG_INFO = YES;
				ONLY_ACTIVE_ARCH = YES;
				SDKROOT = iphoneos;
			};
			name = Debug;
		};
		9CDF33B91BB4596000B46196 /* Release */ = {
			isa = XCBuildConfiguration;
			buildSettings = {
				ALWAYS_SEARCH_USER_PATHS = NO;
				CLANG_CXX_LANGUAGE_STANDARD = "gnu++0x";
				CLANG_CXX_LIBRARY = "libc++";
				CLANG_ENABLE_MODULES = YES;
				CLANG_ENABLE_OBJC_ARC = YES;
				CLANG_WARN_BOOL_CONVERSION = YES;
				CLANG_WARN_CONSTANT_CONVERSION = YES;
				CLANG_WARN_DIRECT_OBJC_ISA_USAGE = YES_ERROR;
				CLANG_WARN_EMPTY_BODY = YES;
				CLANG_WARN_ENUM_CONVERSION = YES;
				CLANG_WARN_INT_CONVERSION = YES;
				CLANG_WARN_OBJC_ROOT_CLASS = YES_ERROR;
				CLANG_WARN_UNREACHABLE_CODE = YES;
				CLANG_WARN__DUPLICATE_METHOD_MATCH = YES;
				"CODE_SIGN_IDENTITY[sdk=iphoneos*]" = "iPhone Developer";
				COPY_PHASE_STRIP = NO;
				DEBUG_INFORMATION_FORMAT = "dwarf-with-dsym";
				ENABLE_NS_ASSERTIONS = NO;
				ENABLE_STRICT_OBJC_MSGSEND = YES;
				GCC_C_LANGUAGE_STANDARD = gnu99;
				GCC_NO_COMMON_BLOCKS = YES;
				GCC_WARN_64_TO_32_BIT_CONVERSION = YES;
				GCC_WARN_ABOUT_RETURN_TYPE = YES_ERROR;
				GCC_WARN_UNDECLARED_SELECTOR = YES;
				GCC_WARN_UNINITIALIZED_AUTOS = YES_AGGRESSIVE;
				GCC_WARN_UNUSED_FUNCTION = YES;
				GCC_WARN_UNUSED_VARIABLE = YES;
				IPHONEOS_DEPLOYMENT_TARGET = 9.0;
				MTL_ENABLE_DEBUG_INFO = NO;
				SDKROOT = iphoneos;
				VALIDATE_PRODUCT = YES;
			};
			name = Release;
		};
		9CDF33BB1BB4596000B46196 /* Debug */ = {
			isa = XCBuildConfiguration;
			buildSettings = {
				ASSETCATALOG_COMPILER_APPICON_NAME = AppIcon;
				INFOPLIST_FILE = D/Info.plist;
				LD_RUNPATH_SEARCH_PATHS = "$(inherited) @executable_path/Frameworks";
				PRODUCT_BUNDLE_IDENTIFIER = Nimstad.D;
				PRODUCT_NAME = "$(TARGET_NAME)";
			};
			name = Debug;
		};
		9CDF33BC1BB4596000B46196 /* Release */ = {
			isa = XCBuildConfiguration;
			buildSettings = {
				ASSETCATALOG_COMPILER_APPICON_NAME = AppIcon;
				INFOPLIST_FILE = D/Info.plist;
				LD_RUNPATH_SEARCH_PATHS = "$(inherited) @executable_path/Frameworks";
				PRODUCT_BUNDLE_IDENTIFIER = Nimstad.D;
				PRODUCT_NAME = "$(TARGET_NAME)";
			};
			name = Release;
		};
		9CDF33BE1BB4596000B46196 /* Debug */ = {
			isa = XCBuildConfiguration;
			buildSettings = {
				BUNDLE_LOADER = "$(TEST_HOST)";
				INFOPLIST_FILE = DTests/Info.plist;
				LD_RUNPATH_SEARCH_PATHS = "$(inherited) @executable_path/Frameworks @loader_path/Frameworks";
				PRODUCT_BUNDLE_IDENTIFIER = Nimstad.DTests;
				PRODUCT_NAME = "$(TARGET_NAME)";
				TEST_HOST = "$(BUILT_PRODUCTS_DIR)/D.app/D";
			};
			name = Debug;
		};
		9CDF33BF1BB4596000B46196 /* Release */ = {
			isa = XCBuildConfiguration;
			buildSettings = {
				BUNDLE_LOADER = "$(TEST_HOST)";
				INFOPLIST_FILE = DTests/Info.plist;
				LD_RUNPATH_SEARCH_PATHS = "$(inherited) @executable_path/Frameworks @loader_path/Frameworks";
				PRODUCT_BUNDLE_IDENTIFIER = Nimstad.DTests;
				PRODUCT_NAME = "$(TARGET_NAME)";
				TEST_HOST = "$(BUILT_PRODUCTS_DIR)/D.app/D";
			};
			name = Release;
		};
		9CDF33C11BB4596000B46196 /* Debug */ = {
			isa = XCBuildConfiguration;
			buildSettings = {
				INFOPLIST_FILE = DUITests/Info.plist;
				LD_RUNPATH_SEARCH_PATHS = "$(inherited) @executable_path/Frameworks @loader_path/Frameworks";
				PRODUCT_BUNDLE_IDENTIFIER = Nimstad.DUITests;
				PRODUCT_NAME = "$(TARGET_NAME)";
				TEST_TARGET_NAME = D;
				USES_XCTRUNNER = YES;
			};
			name = Debug;
		};
		9CDF33C21BB4596000B46196 /* Release */ = {
			isa = XCBuildConfiguration;
			buildSettings = {
				INFOPLIST_FILE = DUITests/Info.plist;
				LD_RUNPATH_SEARCH_PATHS = "$(inherited) @executable_path/Frameworks @loader_path/Frameworks";
				PRODUCT_BUNDLE_IDENTIFIER = Nimstad.DUITests;
				PRODUCT_NAME = "$(TARGET_NAME)";
				TEST_TARGET_NAME = D;
				USES_XCTRUNNER = YES;
			};
			name = Release;
		};
/* End XCBuildConfiguration section */

/* Begin XCConfigurationList section */
		9CDF33881BB4595F00B46196 /* Build configuration list for PBXProject "D" */ = {
			isa = XCConfigurationList;
			buildConfigurations = (
				9CDF33B81BB4596000B46196 /* Debug */,
				9CDF33B91BB4596000B46196 /* Release */,
			);
			defaultConfigurationIsVisible = 0;
			defaultConfigurationName = Release;
		};
		9CDF33BA1BB4596000B46196 /* Build configuration list for PBXNativeTarget "D" */ = {
			isa = XCConfigurationList;
			buildConfigurations = (
				9CDF33BB1BB4596000B46196 /* Debug */,
				9CDF33BC1BB4596000B46196 /* Release */,
			);
			defaultConfigurationIsVisible = 0;
			defaultConfigurationName = Release;
		};
		9CDF33BD1BB4596000B46196 /* Build configuration list for PBXNativeTarget "DTests" */ = {
			isa = XCConfigurationList;
			buildConfigurations = (
				9CDF33BE1BB4596000B46196 /* Debug */,
				9CDF33BF1BB4596000B46196 /* Release */,
			);
			defaultConfigurationIsVisible = 0;
			defaultConfigurationName = Release;
		};
		9CDF33C01BB4596000B46196 /* Build configuration list for PBXNativeTarget "DUITests" */ = {
			isa = XCConfigurationList;
			buildConfigurations = (
				9CDF33C11BB4596000B46196 /* Debug */,
				9CDF33C21BB4596000B46196 /* Release */,
			);
			defaultConfigurationIsVisible = 0;
			defaultConfigurationName = Release;
		};
/* End XCConfigurationList section */
	};
	rootObject = 9CDF33851BB4595F00B46196 /* Project object */;
}
